
Microsoft Visual Studio Solution File, Format Version 12.00
# Visual Studio 14
VisualStudioVersion = 14.0.25123.0
MinimumVisualStudioVersion = 10.0.40219.1
Project("{FAE04EC0-301F-11D3-BF4B-00C04F79EFBC}") = "Base.Web", "Base.Web\Base.Web.csproj", "{34F28607-1FCC-4FBC-A001-C12FCBC21068}"
EndProject
Project("{FAE04EC0-301F-11D3-BF4B-00C04F79EFBC}") = "Base.Data", "Base.Data\Base.Data.csproj", "{627741D0-20AA-41DF-8EA3-168F84FBAF30}"
EndProject
Project("{FAE04EC0-301F-11D3-BF4B-00C04F79EFBC}") = "Base.Classes", "Base.Classes\Base.Classes.csproj", "{76C55456-31A3-4932-AE3C-6880909F2045}"
EndProject
Project("{FAE04EC0-301F-11D3-BF4B-00C04F79EFBC}") = "Base.Test", "Base.Test\Base.Test.csproj", "{FAC69081-2524-4362-8913-E676763FE5C4}"
EndProject
Project("{FAE04EC0-301F-11D3-BF4B-00C04F79EFBC}") = "Base.BoundedContextCustomers", "Base.CustomerServiceBoundedContext\Base.BoundedContextCustomers.csproj", "{3B8ABEAC-F21A-4646-AB70-ED55EC50EFB1}"
EndProject
Project("{FAE04EC0-301F-11D3-BF4B-00C04F79EFBC}") = "Base.BoundedContextReturns", "Base.ReturnsBoundedContext\Base.BoundedContextReturns.csproj", "{39B2DCCA-C4E6-4A41-B5A2-F98C6F002FE2}"
EndProject
Project("{FAE04EC0-301F-11D3-BF4B-00C04F79EFBC}") = "Base.BoundedContextSales", "Base.SalesBoundedContext\Base.BoundedContextSales.csproj", "{CD2F8FD1-BC90-450C-AB8B-FCD6065DD804}"
EndProject
Project("{FAE04EC0-301F-11D3-BF4B-00C04F79EFBC}") = "Base.DataMappings", "Base.DataMappings\Base.DataMappings.csproj", "{5AB578CC-4498-4FAC-ABE8-10BFD7B9CD06}"
EndProject
Project("{FAE04EC0-301F-11D3-BF4B-00C04F79EFBC}") = "Base.BoundedContextOrders", "Base.BoundedContextOrders\Base.BoundedContextOrders.csproj", "{36B5B8FF-0FD1-45C5-9BA1-523FC1A2CBF5}"
EndProject
Global
	GlobalSection(SolutionConfigurationPlatforms) = preSolution
		Debug|Any CPU = Debug|Any CPU
		Release|Any CPU = Release|Any CPU
	EndGlobalSection
	GlobalSection(ProjectConfigurationPlatforms) = postSolution
		{34F28607-1FCC-4FBC-A001-C12FCBC21068}.Debug|Any CPU.ActiveCfg = Debug|Any CPU
		{34F28607-1FCC-4FBC-A001-C12FCBC21068}.Debug|Any CPU.Build.0 = Debug|Any CPU
		{34F28607-1FCC-4FBC-A001-C12FCBC21068}.Release|Any CPU.ActiveCfg = Release|Any CPU
		{34F28607-1FCC-4FBC-A001-C12FCBC21068}.Release|Any CPU.Build.0 = Release|Any CPU
		{627741D0-20AA-41DF-8EA3-168F84FBAF30}.Debug|Any CPU.ActiveCfg = Debug|Any CPU
		{627741D0-20AA-41DF-8EA3-168F84FBAF30}.Debug|Any CPU.Build.0 = Debug|Any CPU
		{627741D0-20AA-41DF-8EA3-168F84FBAF30}.Release|Any CPU.ActiveCfg = Release|Any CPU
		{627741D0-20AA-41DF-8EA3-168F84FBAF30}.Release|Any CPU.Build.0 = Release|Any CPU
		{76C55456-31A3-4932-AE3C-6880909F2045}.Debug|Any CPU.ActiveCfg = Debug|Any CPU
		{76C55456-31A3-4932-AE3C-6880909F2045}.Debug|Any CPU.Build.0 = Debug|Any CPU
		{76C55456-31A3-4932-AE3C-6880909F2045}.Release|Any CPU.ActiveCfg = Release|Any CPU
		{76C55456-31A3-4932-AE3C-6880909F2045}.Release|Any CPU.Build.0 = Release|Any CPU
		{FAC69081-2524-4362-8913-E676763FE5C4}.Debug|Any CPU.ActiveCfg = Debug|Any CPU
		{FAC69081-2524-4362-8913-E676763FE5C4}.Debug|Any CPU.Build.0 = Debug|Any CPU
		{FAC69081-2524-4362-8913-E676763FE5C4}.Release|Any CPU.ActiveCfg = Release|Any CPU
		{FAC69081-2524-4362-8913-E676763FE5C4}.Release|Any CPU.Build.0 = Release|Any CPU
		{3B8ABEAC-F21A-4646-AB70-ED55EC50EFB1}.Debug|Any CPU.ActiveCfg = Debug|Any CPU
		{3B8ABEAC-F21A-4646-AB70-ED55EC50EFB1}.Debug|Any CPU.Build.0 = Debug|Any CPU
		{3B8ABEAC-F21A-4646-AB70-ED55EC50EFB1}.Release|Any CPU.ActiveCfg = Release|Any CPU
		{3B8ABEAC-F21A-4646-AB70-ED55EC50EFB1}.Release|Any CPU.Build.0 = Release|Any CPU
		{39B2DCCA-C4E6-4A41-B5A2-F98C6F002FE2}.Debug|Any CPU.ActiveCfg = Debug|Any CPU
		{39B2DCCA-C4E6-4A41-B5A2-F98C6F002FE2}.Debug|Any CPU.Build.0 = Debug|Any CPU
		{39B2DCCA-C4E6-4A41-B5A2-F98C6F002FE2}.Release|Any CPU.ActiveCfg = Release|Any CPU
		{39B2DCCA-C4E6-4A41-B5A2-F98C6F002FE2}.Release|Any CPU.Build.0 = Release|Any CPU
		{CD2F8FD1-BC90-450C-AB8B-FCD6065DD804}.Debug|Any CPU.ActiveCfg = Debug|Any CPU
		{CD2F8FD1-BC90-450C-AB8B-FCD6065DD804}.Debug|Any CPU.Build.0 = Debug|Any CPU
		{CD2F8FD1-BC90-450C-AB8B-FCD6065DD804}.Release|Any CPU.ActiveCfg = Release|Any CPU
		{CD2F8FD1-BC90-450C-AB8B-FCD6065DD804}.Release|Any CPU.Build.0 = Release|Any CPU
		{5AB578CC-4498-4FAC-ABE8-10BFD7B9CD06}.Debug|Any CPU.ActiveCfg = Debug|Any CPU
		{5AB578CC-4498-4FAC-ABE8-10BFD7B9CD06}.Debug|Any CPU.Build.0 = Debug|Any CPU
		{5AB578CC-4498-4FAC-ABE8-10BFD7B9CD06}.Release|Any CPU.ActiveCfg = Release|Any CPU
		{5AB578CC-4498-4FAC-ABE8-10BFD7B9CD06}.Release|Any CPU.Build.0 = Release|Any CPU
		{36B5B8FF-0FD1-45C5-9BA1-523FC1A2CBF5}.Debug|Any CPU.ActiveCfg = Debug|Any CPU
		{36B5B8FF-0FD1-45C5-9BA1-523FC1A2CBF5}.Debug|Any CPU.Build.0 = Debug|Any CPU
		{36B5B8FF-0FD1-45C5-9BA1-523FC1A2CBF5}.Release|Any CPU.ActiveCfg = Release|Any CPU
		{36B5B8FF-0FD1-45C5-9BA1-523FC1A2CBF5}.Release|Any CPU.Build.0 = Release|Any CPU
	EndGlobalSection
	GlobalSection(SolutionProperties) = preSolution
		HideSolutionNode = FALSE
	EndGlobalSection
EndGlobal
